// !$*UTF8*$!
{
	archiveVersion = 1;
	classes = {
	};
	objectVersion = 56;
	objects = {

/* Begin PBXBuildFile section */
		CC84DCAF2917FA130094D47C /* AppDelegate.swift in Sources */ = {isa = PBXBuildFile; fileRef = CC84DCAE2917FA130094D47C /* AppDelegate.swift */; };
		CC84DCB12917FA130094D47C /* SceneDelegate.swift in Sources */ = {isa = PBXBuildFile; fileRef = CC84DCB02917FA130094D47C /* SceneDelegate.swift */; };
		CC84DCB62917FA130094D47C /* Main.storyboard in Resources */ = {isa = PBXBuildFile; fileRef = CC84DCB42917FA130094D47C /* Main.storyboard */; };
		CC84DCB82917FA140094D47C /* Assets.xcassets in Resources */ = {isa = PBXBuildFile; fileRef = CC84DCB72917FA140094D47C /* Assets.xcassets */; };
		CC84DCBB2917FA140094D47C /* LaunchScreen.storyboard in Resources */ = {isa = PBXBuildFile; fileRef = CC84DCB92917FA140094D47C /* LaunchScreen.storyboard */; };
		CC84DCC7291BDEE30094D47C /* Shapes.swift in Sources */ = {isa = PBXBuildFile; fileRef = CC84DCC6291BDEE30094D47C /* Shapes.swift */; };
		CC84DCC9291BDEEE0094D47C /* Cards.swift in Sources */ = {isa = PBXBuildFile; fileRef = CC84DCC8291BDEEE0094D47C /* Cards.swift */; };
		CC84DCCD291BE3FC0094D47C /* BoardGameController.swift in Sources */ = {isa = PBXBuildFile; fileRef = CC84DCCC291BE3FC0094D47C /* BoardGameController.swift */; };
		CC84DCD0291BE5470094D47C /* Card.swift in Sources */ = {isa = PBXBuildFile; fileRef = CC84DCCF291BE5470094D47C /* Card.swift */; };
		CC84DCD2291BE6DD0094D47C /* Game.swift in Sources */ = {isa = PBXBuildFile; fileRef = CC84DCD1291BE6DD0094D47C /* Game.swift */; };
/* End PBXBuildFile section */

/* Begin PBXFileReference section */
		CC84DCAB2917FA130094D47C /* Cards.app */ = {isa = PBXFileReference; explicitFileType = wrapper.application; includeInIndex = 0; path = Cards.app; sourceTree = BUILT_PRODUCTS_DIR; };
		CC84DCAE2917FA130094D47C /* AppDelegate.swift */ = {isa = PBXFileReference; lastKnownFileType = sourcecode.swift; path = AppDelegate.swift; sourceTree = "<group>"; };
		CC84DCB02917FA130094D47C /* SceneDelegate.swift */ = {isa = PBXFileReference; lastKnownFileType = sourcecode.swift; path = SceneDelegate.swift; sourceTree = "<group>"; };
		CC84DCB52917FA130094D47C /* Base */ = {isa = PBXFileReference; lastKnownFileType = file.storyboard; name = Base; path = Base.lproj/Main.storyboard; sourceTree = "<group>"; };
		CC84DCB72917FA140094D47C /* Assets.xcassets */ = {isa = PBXFileReference; lastKnownFileType = folder.assetcatalog; path = Assets.xcassets; sourceTree = "<group>"; };
		CC84DCBA2917FA140094D47C /* Base */ = {isa = PBXFileReference; lastKnownFileType = file.storyboard; name = Base; path = Base.lproj/LaunchScreen.storyboard; sourceTree = "<group>"; };
		CC84DCBC2917FA140094D47C /* Info.plist */ = {isa = PBXFileReference; lastKnownFileType = text.plist.xml; path = Info.plist; sourceTree = "<group>"; };
		CC84DCC6291BDEE30094D47C /* Shapes.swift */ = {isa = PBXFileReference; lastKnownFileType = sourcecode.swift; path = Shapes.swift; sourceTree = "<group>"; };
		CC84DCC8291BDEEE0094D47C /* Cards.swift */ = {isa = PBXFileReference; lastKnownFileType = sourcecode.swift; path = Cards.swift; sourceTree = "<group>"; };
		CC84DCCC291BE3FC0094D47C /* BoardGameController.swift */ = {isa = PBXFileReference; lastKnownFileType = sourcecode.swift; path = BoardGameController.swift; sourceTree = "<group>"; };
		CC84DCCF291BE5470094D47C /* Card.swift */ = {isa = PBXFileReference; lastKnownFileType = sourcecode.swift; path = Card.swift; sourceTree = "<group>"; };
		CC84DCD1291BE6DD0094D47C /* Game.swift */ = {isa = PBXFileReference; lastKnownFileType = sourcecode.swift; path = Game.swift; sourceTree = "<group>"; };
/* End PBXFileReference section */

/* Begin PBXFrameworksBuildPhase section */
		CC84DCA82917FA130094D47C /* Frameworks */ = {
			isa = PBXFrameworksBuildPhase;
			buildActionMask = 2147483647;
			files = (
			);
			runOnlyForDeploymentPostprocessing = 0;
		};
/* End PBXFrameworksBuildPhase section */

/* Begin PBXGroup section */
		CC84DCA22917FA130094D47C = {
			isa = PBXGroup;
			children = (
				CC84DCAD2917FA130094D47C /* Cards */,
				CC84DCAC2917FA130094D47C /* Products */,
			);
			sourceTree = "<group>";
		};
		CC84DCAC2917FA130094D47C /* Products */ = {
			isa = PBXGroup;
			children = (
				CC84DCAB2917FA130094D47C /* Cards.app */,
			);
			name = Products;
			sourceTree = "<group>";
		};
		CC84DCAD2917FA130094D47C /* Cards */ = {
			isa = PBXGroup;
			children = (
				CC84DCAE2917FA130094D47C /* AppDelegate.swift */,
				CC84DCB02917FA130094D47C /* SceneDelegate.swift */,
				CC84DCB72917FA140094D47C /* Assets.xcassets */,
				CC84DCBC2917FA140094D47C /* Info.plist */,
				CC84DCCE291BE47E0094D47C /* Model */,
				CC84DCCB291BE3CB0094D47C /* Controller */,
				CC84DCC5291BDEC00094D47C /* View */,
			);
			path = Cards;
			sourceTree = "<group>";
		};
		CC84DCC5291BDEC00094D47C /* View */ = {
			isa = PBXGroup;
			children = (
				CC84DCCA291BE35D0094D47C /* Storyboards */,
				CC84DCC6291BDEE30094D47C /* Shapes.swift */,
				CC84DCC8291BDEEE0094D47C /* Cards.swift */,
			);
			path = View;
			sourceTree = "<group>";
		};
		CC84DCCA291BE35D0094D47C /* Storyboards */ = {
			isa = PBXGroup;
			children = (
				CC84DCB42917FA130094D47C /* Main.storyboard */,
				CC84DCB92917FA140094D47C /* LaunchScreen.storyboard */,
			);
			path = Storyboards;
			sourceTree = "<group>";
		};
		CC84DCCB291BE3CB0094D47C /* Controller */ = {
			isa = PBXGroup;
			children = (
				CC84DCCC291BE3FC0094D47C /* BoardGameController.swift */,
			);
			path = Controller;
			sourceTree = "<group>";
		};
		CC84DCCE291BE47E0094D47C /* Model */ = {
			isa = PBXGroup;
			children = (
				CC84DCCF291BE5470094D47C /* Card.swift */,
				CC84DCD1291BE6DD0094D47C /* Game.swift */,
			);
			path = Model;
			sourceTree = "<group>";
		};
/* End PBXGroup section */

/* Begin PBXNativeTarget section */
		CC84DCAA2917FA130094D47C /* Cards */ = {
			isa = PBXNativeTarget;
			buildConfigurationList = CC84DCBF2917FA140094D47C /* Build configuration list for PBXNativeTarget "Cards" */;
			buildPhases = (
				CC84DCA72917FA130094D47C /* Sources */,
				CC84DCA82917FA130094D47C /* Frameworks */,
				CC84DCA92917FA130094D47C /* Resources */,
			);
			buildRules = (
			);
			dependencies = (
			);
			name = Cards;
			productName = Cards;
			productReference = CC84DCAB2917FA130094D47C /* Cards.app */;
			productType = "com.apple.product-type.application";
		};
/* End PBXNativeTarget section */

/* Begin PBXProject section */
		CC84DCA32917FA130094D47C /* Project object */ = {
			isa = PBXProject;
			attributes = {
				BuildIndependentTargetsInParallel = 1;
				LastSwiftUpdateCheck = 1410;
				LastUpgradeCheck = 1410;
				TargetAttributes = {
					CC84DCAA2917FA130094D47C = {
						CreatedOnToolsVersion = 14.1;
					};
				};
			};
			buildConfigurationList = CC84DCA62917FA130094D47C /* Build configuration list for PBXProject "Cards" */;
			compatibilityVersion = "Xcode 14.0";
			developmentRegion = en;
			hasScannedForEncodings = 0;
			knownRegions = (
				en,
				Base,
			);
			mainGroup = CC84DCA22917FA130094D47C;
			productRefGroup = CC84DCAC2917FA130094D47C /* Products */;
			projectDirPath = "";
			projectRoot = "";
			targets = (
				CC84DCAA2917FA130094D47C /* Cards */,
			);
		};
/* End PBXProject section */

/* Begin PBXResourcesBuildPhase section */
		CC84DCA92917FA130094D47C /* Resources */ = {
			isa = PBXResourcesBuildPhase;
			buildActionMask = 2147483647;
			files = (
				CC84DCBB2917FA140094D47C /* LaunchScreen.storyboard in Resources */,
				CC84DCB82917FA140094D47C /* Assets.xcassets in Resources */,
				CC84DCB62917FA130094D47C /* Main.storyboard in Resources */,
			);
			runOnlyForDeploymentPostprocessing = 0;
		};
/* End PBXResourcesBuildPhase section */

/* Begin PBXSourcesBuildPhase section */
		CC84DCA72917FA130094D47C /* Sources */ = {
			isa = PBXSourcesBuildPhase;
			buildActionMask = 2147483647;
			files = (
				CC84DCCD291BE3FC0094D47C /* BoardGameController.swift in Sources */,
				CC84DCD0291BE5470094D47C /* Card.swift in Sources */,
				CC84DCD2291BE6DD0094D47C /* Game.swift in Sources */,
				CC84DCC9291BDEEE0094D47C /* Cards.swift in Sources */,
				CC84DCAF2917FA130094D47C /* AppDelegate.swift in Sources */,
				CC84DCB12917FA130094D47C /* SceneDelegate.swift in Sources */,
				CC84DCC7291BDEE30094D47C /* Shapes.swift in Sources */,
			);
			runOnlyForDeploymentPostprocessing = 0;
		};
/* End PBXSourcesBuildPhase section */

/* Begin PBXVariantGroup section */
		CC84DCB42917FA130094D47C /* Main.storyboard */ = {
			isa = PBXVariantGroup;
			children = (
				CC84DCB52917FA130094D47C /* Base */,
			);
			name = Main.storyboard;
			sourceTree = "<group>";
		};
		CC84DCB92917FA140094D47C /* LaunchScreen.storyboard */ = {
			isa = PBXVariantGroup;
			children = (
				CC84DCBA2917FA140094D47C /* Base */,
			);
			name = LaunchScreen.storyboard;
			sourceTree = "<group>";
		};
/* End PBXVariantGroup section */

/* Begin XCBuildConfiguration section */
		CC84DCBD2917FA140094D47C /* Debug */ = {
			isa = XCBuildConfiguration;
			buildSettings = {
				ALWAYS_SEARCH_USER_PATHS = NO;
				CLANG_ANALYZER_NONNULL = YES;
				CLANG_ANALYZER_NUMBER_OBJECT_CONVERSION = YES_AGGRESSIVE;
				CLANG_CXX_LANGUAGE_STANDARD = "gnu++20";
				CLANG_ENABLE_MODULES = YES;
				CLANG_ENABLE_OBJC_ARC = YES;
				CLANG_ENABLE_OBJC_WEAK = YES;
				CLANG_WARN_BLOCK_CAPTURE_AUTORELEASING = YES;
				CLANG_WARN_BOOL_CONVERSION = YES;
				CLANG_WARN_COMMA = YES;
				CLANG_WARN_CONSTANT_CONVERSION = YES;
				CLANG_WARN_DEPRECATED_OBJC_IMPLEMENTATIONS = YES;
				CLANG_WARN_DIRECT_OBJC_ISA_USAGE = YES_ERROR;
				CLANG_WARN_DOCUMENTATION_COMMENTS = YES;
				CLANG_WARN_EMPTY_BODY = YES;
				CLANG_WARN_ENUM_CONVERSION = YES;
				CLANG_WARN_INFINITE_RECURSION = YES;
				CLANG_WARN_INT_CONVERSION = YES;
				CLANG_WARN_NON_LITERAL_NULL_CONVERSION = YES;
				CLANG_WARN_OBJC_IMPLICIT_RETAIN_SELF = YES;
				CLANG_WARN_OBJC_LITERAL_CONVERSION = YES;
				CLANG_WARN_OBJC_ROOT_CLASS = YES_ERROR;
				CLANG_WARN_QUOTED_INCLUDE_IN_FRAMEWORK_HEADER = YES;
				CLANG_WARN_RANGE_LOOP_ANALYSIS = YES;
				CLANG_WARN_STRICT_PROTOTYPES = YES;
				CLANG_WARN_SUSPICIOUS_MOVE = YES;
				CLANG_WARN_UNGUARDED_AVAILABILITY = YES_AGGRESSIVE;
				CLANG_WARN_UNREACHABLE_CODE = YES;
				CLANG_WARN__DUPLICATE_METHOD_MATCH = YES;
				COPY_PHASE_STRIP = NO;
				DEBUG_INFORMATION_FORMAT = dwarf;
				ENABLE_STRICT_OBJC_MSGSEND = YES;
				ENABLE_TESTABILITY = YES;
				GCC_C_LANGUAGE_STANDARD = gnu11;
				GCC_DYNAMIC_NO_PIC = NO;
				GCC_NO_COMMON_BLOCKS = YES;
				GCC_OPTIMIZATION_LEVEL = 0;
				GCC_PREPROCESSOR_DEFINITIONS = (
					"DEBUG=1",
					"$(inherited)",
				);
				GCC_WARN_64_TO_32_BIT_CONVERSION = YES;
				GCC_WARN_ABOUT_RETURN_TYPE = YES_ERROR;
				GCC_WARN_UNDECLARED_SELECTOR = YES;
				GCC_WARN_UNINITIALIZED_AUTOS = YES_AGGRESSIVE;
				GCC_WARN_UNUSED_FUNCTION = YES;
				GCC_WARN_UNUSED_VARIABLE = YES;
				IPHONEOS_DEPLOYMENT_TARGET = 16.1;
				MTL_ENABLE_DEBUG_INFO = INCLUDE_SOURCE;
				MTL_FAST_MATH = YES;
				ONLY_ACTIVE_ARCH = YES;
				SDKROOT = iphoneos;
				SWIFT_ACTIVE_COMPILATION_CONDITIONS = DEBUG;
				SWIFT_OPTIMIZATION_LEVEL = "-Onone";
			};
			name = Debug;
		};
		CC84DCBE2917FA140094D47C /* Release */ = {
			isa = XCBuildConfiguration;
			buildSettings = {
				ALWAYS_SEARCH_USER_PATHS = NO;
				CLANG_ANALYZER_NONNULL = YES;
				CLANG_ANALYZER_NUMBER_OBJECT_CONVERSION = YES_AGGRESSIVE;
				CLANG_CXX_LANGUAGE_STANDARD = "gnu++20";
				CLANG_ENABLE_MODULES = YES;
				CLANG_ENABLE_OBJC_ARC = YES;
				CLANG_ENABLE_OBJC_WEAK = YES;
				CLANG_WARN_BLOCK_CAPTURE_AUTORELEASING = YES;
				CLANG_WARN_BOOL_CONVERSION = YES;
				CLANG_WARN_COMMA = YES;
				CLANG_WARN_CONSTANT_CONVERSION = YES;
				CLANG_WARN_DEPRECATED_OBJC_IMPLEMENTATIONS = YES;
				CLANG_WARN_DIRECT_OBJC_ISA_USAGE = YES_ERROR;
				CLANG_WARN_DOCUMENTATION_COMMENTS = YES;
				CLANG_WARN_EMPTY_BODY = YES;
				CLANG_WARN_ENUM_CONVERSION = YES;
				CLANG_WARN_INFINITE_RECURSION = YES;
				CLANG_WARN_INT_CONVERSION = YES;
				CLANG_WARN_NON_LITERAL_NULL_CONVERSION = YES;
				CLANG_WARN_OBJC_IMPLICIT_RETAIN_SELF = YES;
				CLANG_WARN_OBJC_LITERAL_CONVERSION = YES;
				CLANG_WARN_OBJC_ROOT_CLASS = YES_ERROR;
				CLANG_WARN_QUOTED_INCLUDE_IN_FRAMEWORK_HEADER = YES;
				CLANG_WARN_RANGE_LOOP_ANALYSIS = YES;
				CLANG_WARN_STRICT_PROTOTYPES = YES;
				CLANG_WARN_SUSPICIOUS_MOVE = YES;
				CLANG_WARN_UNGUARDED_AVAILABILITY = YES_AGGRESSIVE;
				CLANG_WARN_UNREACHABLE_CODE = YES;
				CLANG_WARN__DUPLICATE_METHOD_MATCH = YES;
				COPY_PHASE_STRIP = NO;
				DEBUG_INFORMATION_FORMAT = "dwarf-with-dsym";
				ENABLE_NS_ASSERTIONS = NO;
				ENABLE_STRICT_OBJC_MSGSEND = YES;
				GCC_C_LANGUAGE_STANDARD = gnu11;
				GCC_NO_COMMON_BLOCKS = YES;
				GCC_WARN_64_TO_32_BIT_CONVERSION = YES;
				GCC_WARN_ABOUT_RETURN_TYPE = YES_ERROR;
				GCC_WARN_UNDECLARED_SELECTOR = YES;
				GCC_WARN_UNINITIALIZED_AUTOS = YES_AGGRESSIVE;
				GCC_WARN_UNUSED_FUNCTION = YES;
				GCC_WARN_UNUSED_VARIABLE = YES;
				IPHONEOS_DEPLOYMENT_TARGET = 16.1;
				MTL_ENABLE_DEBUG_INFO = NO;
				MTL_FAST_MATH = YES;
				SDKROOT = iphoneos;
				SWIFT_COMPILATION_MODE = wholemodule;
				SWIFT_OPTIMIZATION_LEVEL = "-O";
				VALIDATE_PRODUCT = YES;
			};
			name = Release;
		};
		CC84DCC02917FA140094D47C /* Debug */ = {
			isa = XCBuildConfiguration;
			buildSettings = {
				ASSETCATALOG_COMPILER_APPICON_NAME = AppIcon;
				ASSETCATALOG_COMPILER_GLOBAL_ACCENT_COLOR_NAME = AccentColor;
				CODE_SIGN_STYLE = Automatic;
				CURRENT_PROJECT_VERSION = 1;
				DEVELOPMENT_TEAM = KPR58387Y9;
				GENERATE_INFOPLIST_FILE = YES;
				INFOPLIST_FILE = Cards/Info.plist;
				INFOPLIST_KEY_UIApplicationSupportsIndirectInputEvents = YES;
				INFOPLIST_KEY_UILaunchStoryboardName = LaunchScreen;
				INFOPLIST_KEY_UIMainStoryboardFile = Main;
				INFOPLIST_KEY_UISupportedInterfaceOrientations_iPad = "UIInterfaceOrientationPortrait UIInterfaceOrientationPortraitUpsideDown UIInterfaceOrientationLandscapeLeft UIInterfaceOrientationLandscapeRight";
				INFOPLIST_KEY_UISupportedInterfaceOrientations_iPhone = "UIInterfaceOrientationPortrait UIInterfaceOrientationLandscapeLeft UIInterfaceOrientationLandscapeRight";
				LD_RUNPATH_SEARCH_PATHS = (
					"$(inherited)",
					"@executable_path/Frameworks",
				);
				MARKETING_VERSION = 1.0;
				PRODUCT_BUNDLE_IDENTIFIER = com.kyifut.Cards;
				PRODUCT_NAME = "$(TARGET_NAME)";
				SWIFT_EMIT_LOC_STRINGS = YES;
				SWIFT_VERSION = 5.0;
				TARGETED_DEVICE_FAMILY = "1,2";
			};
			name = Debug;
		};
		CC84DCC12917FA140094D47C /* Release */ = {
			isa = XCBuildConfiguration;
			buildSettings = {
				ASSETCATALOG_COMPILER_APPICON_NAME = AppIcon;
				ASSETCATALOG_COMPILER_GLOBAL_ACCENT_COLOR_NAME = AccentColor;
				CODE_SIGN_STYLE = Automatic;
				CURRENT_PROJECT_VERSION = 1;
				DEVELOPMENT_TEAM = KPR58387Y9;
				GENERATE_INFOPLIST_FILE = YES;
				INFOPLIST_FILE = Cards/Info.plist;
				INFOPLIST_KEY_UIApplicationSupportsIndirectInputEvents = YES;
				INFOPLIST_KEY_UILaunchStoryboardName = LaunchScreen;
				INFOPLIST_KEY_UIMainStoryboardFile = Main;
				INFOPLIST_KEY_UISupportedInterfaceOrientations_iPad = "UIInterfaceOrientationPortrait UIInterfaceOrientationPortraitUpsideDown UIInterfaceOrientationLandscapeLeft UIInterfaceOrientationLandscapeRight";
				INFOPLIST_KEY_UISupportedInterfaceOrientations_iPhone = "UIInterfaceOrientationPortrait UIInterfaceOrientationLandscapeLeft UIInterfaceOrientationLandscapeRight";
				LD_RUNPATH_SEARCH_PATHS = (
					"$(inherited)",
					"@executable_path/Frameworks",
				);
				MARKETING_VERSION = 1.0;
				PRODUCT_BUNDLE_IDENTIFIER = com.kyifut.Cards;
				PRODUCT_NAME = "$(TARGET_NAME)";
				SWIFT_EMIT_LOC_STRINGS = YES;
				SWIFT_VERSION = 5.0;
				TARGETED_DEVICE_FAMILY = "1,2";
			};
			name = Release;
		};
/* End XCBuildConfiguration section */

/* Begin XCConfigurationList section */
		CC84DCA62917FA130094D47C /* Build configuration list for PBXProject "Cards" */ = {
			isa = XCConfigurationList;
			buildConfigurations = (
				CC84DCBD2917FA140094D47C /* Debug */,
				CC84DCBE2917FA140094D47C /* Release */,
			);
			defaultConfigurationIsVisible = 0;
			defaultConfigurationName = Release;
		};
		CC84DCBF2917FA140094D47C /* Build configuration list for PBXNativeTarget "Cards" */ = {
			isa = XCConfigurationList;
			buildConfigurations = (
				CC84DCC02917FA140094D47C /* Debug */,
				CC84DCC12917FA140094D47C /* Release */,
			);
			defaultConfigurationIsVisible = 0;
			defaultConfigurationName = Release;
		};
/* End XCConfigurationList section */
	};
	rootObject = CC84DCA32917FA130094D47C /* Project object */;
}
